
Microsoft Visual Studio Solution File, Format Version 12.00
# Visual Studio Version 17
VisualStudioVersion = 17.10.35013.160
MinimumVisualStudioVersion = 10.0.40219.1
Project("{9A19103F-16F7-4668-BE54-9A1E7A4F7556}") = "Domain", "Domain\Domain.csproj", "{2BC73DB5-6C54-4645-855E-F6D49C494400}"
EndProject
Project("{FAE04EC0-301F-11D3-BF4B-00C04F79EFBC}") = "Infrastructure", "Infrastructure\Infrastructure.csproj", "{5D541349-5747-4040-A566-CDFC225CAD33}"
EndProject
Project("{FAE04EC0-301F-11D3-BF4B-00C04F79EFBC}") = "Impact.Api", "Impact.Api\Impact.Api.csproj", "{CAA9B9DA-90F8-41AA-805A-53D365F1EC56}"
EndProject
Global
	GlobalSection(SolutionConfigurationPlatforms) = preSolution
		Debug|Any CPU = Debug|Any CPU
		Release|Any CPU = Release|Any CPU
	EndGlobalSection
	GlobalSection(ProjectConfigurationPlatforms) = postSolution
		{2BC73DB5-6C54-4645-855E-F6D49C494400}.Debug|Any CPU.ActiveCfg = Debug|Any CPU
		{2BC73DB5-6C54-4645-855E-F6D49C494400}.Debug|Any CPU.Build.0 = Debug|Any CPU
		{2BC73DB5-6C54-4645-855E-F6D49C494400}.Release|Any CPU.ActiveCfg = Release|Any CPU
		{2BC73DB5-6C54-4645-855E-F6D49C494400}.Release|Any CPU.Build.0 = Release|Any CPU
		{5D541349-5747-4040-A566-CDFC225CAD33}.Debug|Any CPU.ActiveCfg = Debug|Any CPU
		{5D541349-5747-4040-A566-CDFC225CAD33}.Debug|Any CPU.Build.0 = Debug|Any CPU
		{5D541349-5747-4040-A566-CDFC225CAD33}.Release|Any CPU.ActiveCfg = Release|Any CPU
		{5D541349-5747-4040-A566-CDFC225CAD33}.Release|Any CPU.Build.0 = Release|Any CPU
		{CAA9B9DA-90F8-41AA-805A-53D365F1EC56}.Debug|Any CPU.ActiveCfg = Debug|Any CPU
		{CAA9B9DA-90F8-41AA-805A-53D365F1EC56}.Debug|Any CPU.Build.0 = Debug|Any CPU
		{CAA9B9DA-90F8-41AA-805A-53D365F1EC56}.Release|Any CPU.ActiveCfg = Release|Any CPU
		{CAA9B9DA-90F8-41AA-805A-53D365F1EC56}.Release|Any CPU.Build.0 = Release|Any CPU
	EndGlobalSection
	GlobalSection(SolutionProperties) = preSolution
		HideSolutionNode = FALSE
	EndGlobalSection
	GlobalSection(ExtensibilityGlobals) = postSolution
		SolutionGuid = {FCDCE39F-FB6C-430D-A9D8-B0AA7B6383BE}
	EndGlobalSection
EndGlobal
